<?xml version="1.0" encoding="utf-8"?>
<Project ToolsVersion="4.0" xmlns="http://schemas.microsoft.com/developer/msbuild/2003">
  <ItemGroup>
    <ClCompile Include="..\..\src\LFAttrBuildImpl.cpp">
      <Filter>Source</Filter>
    </ClCompile>
    <ClCompile Include="..\..\src\LFWeak.cpp">
      <Filter>Source</Filter>
    </ClCompile>
    <ClCompile Include="..\..\src\LFAttrFilter.cpp">
      <Filter>Source</Filter>
    </ClCompile>
    <ClCompile Include="..\..\src\LFColorDetector.cpp">
      <Filter>Source</Filter>
    </ClCompile>
    <ClCompile Include="..\..\src\LFCommon.cpp">
      <Filter>Source</Filter>
    </ClCompile>
    <ClCompile Include="..\..\src\lfcsboost.cpp">
      <Filter>Source</Filter>
    </ClCompile>
    <ClCompile Include="..\..\src\LFCSFeature.cpp">
      <Filter>Source</Filter>
    </ClCompile>
    <ClCompile Include="..\..\src\LFDetector.cpp">
      <Filter>Source</Filter>
    </ClCompile>
    <ClCompile Include="..\..\src\LFEngine.cpp">
      <Filter>Source</Filter>
    </ClCompile>
    <ClCompile Include="..\..\src\LFEye.cpp">
      <Filter>Source</Filter>
    </ClCompile>
    <ClCompile Include="..\..\src\LFFeatureImpl.cpp">
      <Filter>Source</Filter>
    </ClCompile>
    <ClCompile Include="..\..\src\LFFeatures.cpp">
      <Filter>Source</Filter>
    </ClCompile>
    <ClCompile Include="..\..\src\LFGeometry.cpp">
      <Filter>Source</Filter>
    </ClCompile>
    <ClCompile Include="..\..\src\LFHaarAttrClassify.cpp">
      <Filter>Source</Filter>
    </ClCompile>
    <ClCompile Include="..\..\src\LFImage.cpp">
      <Filter>Source</Filter>
    </ClCompile>
    <ClCompile Include="..\..\src\LFParameter.cpp">
      <Filter>Source</Filter>
    </ClCompile>
    <ClCompile Include="..\..\src\LFSample.cpp">
      <Filter>Source</Filter>
    </ClCompile>
    <ClCompile Include="..\..\src\LFScanners.cpp">
      <Filter>Source</Filter>
    </ClCompile>
    <ClCompile Include="..\..\src\LFStrong.cpp">
      <Filter>Source</Filter>
    </ClCompile>
    <ClCompile Include="..\..\src\LFStrongImpl.cpp">
      <Filter>Source</Filter>
    </ClCompile>
    <ClCompile Include="..\..\src\LFUtils.cpp">
      <Filter>Source</Filter>
    </ClCompile>
    <ClCompile Include="..\..\src\LFFaceDescriptor.cpp">
      <Filter>Source</Filter>
    </ClCompile>
    <ClCompile Include="..\..\src\LFImageProcessor.cpp">
      <Filter>Source</Filter>
    </ClCompile>
    <ClCompile Include="..\..\src\LFThresholdProc.cpp">
      <Filter>Source</Filter>
    </ClCompile>
    <ClCompile Include="..\..\src\LFWeakImpl.cpp">
      <Filter>Source</Filter>
    </ClCompile>
  </ItemGroup>
  <ItemGroup>
    <ClInclude Include="..\..\include\LF.h">
      <Filter>Headers</Filter>
    </ClInclude>
    <ClInclude Include="..\..\include\LFAttrBuilder.h">
      <Filter>Headers</Filter>
    </ClInclude>
    <ClInclude Include="..\..\include\LFAttrFilter.h">
      <Filter>Headers</Filter>
    </ClInclude>
    <ClInclude Include="..\..\include\LFAttrLog.h">
      <Filter>Headers</Filter>
    </ClInclude>
    <ClInclude Include="..\..\include\LFColorDetector.h">
      <Filter>Headers</Filter>
    </ClInclude>
    <ClInclude Include="..\..\include\LFCSFeature.h">
      <Filter>Headers</Filter>
    </ClInclude>
    <ClInclude Include="..\..\include\LFEngine.h">
      <Filter>Headers</Filter>
    </ClInclude>
    <ClInclude Include="..\..\include\LFDetector.h">
      <Filter>Headers</Filter>
    </ClInclude>
    <ClInclude Include="..\..\include\LFEye.h">
      <Filter>Headers</Filter>
    </ClInclude>
    <ClInclude Include="..\..\include\LFFeatures.h">
      <Filter>Headers</Filter>
    </ClInclude>
    <ClInclude Include="..\..\include\LFScanners.h">
      <Filter>Headers</Filter>
    </ClInclude>
    <ClInclude Include="..\..\include\LFStrong.h">
      <Filter>Headers</Filter>
    </ClInclude>
    <ClInclude Include="..\..\include\LFUtils.h">
      <Filter>Headers</Filter>
    </ClInclude>
    <ClInclude Include="..\..\include\_LF.h">
      <Filter>Headers</Filter>
    </ClInclude>
    <ClInclude Include="..\..\include\LFAttrTrainer.h">
      <Filter>Headers</Filter>
    </ClInclude>
    <ClInclude Include="..\..\include\LFCSBoost.h">
      <Filter>Headers</Filter>
    </ClInclude>
    <ClInclude Include="..\..\include\LFGeometry.h">
      <Filter>Headers</Filter>
    </ClInclude>
    <ClInclude Include="..\..\include\LFImageProcessor.h">
      <Filter>Headers</Filter>
    </ClInclude>
    <ClInclude Include="..\..\include\LFParameter.h">
      <Filter>Headers</Filter>
    </ClInclude>
    <ClInclude Include="..\..\include\LFSample.h">
      <Filter>Headers</Filter>
    </ClInclude>
    <ClInclude Include="..\..\include\LFThresholdProc.h">
      <Filter>Headers</Filter>
    </ClInclude>
    <ClInclude Include="..\..\include\LFWeak.h">
      <Filter>Headers</Filter>
    </ClInclude>
  </ItemGroup>
  <ItemGroup>
    <Filter Include="Headers">
      <UniqueIdentifier>{5b22489e-f226-4edb-a410-0ce49a94f60b}</UniqueIdentifier>
    </Filter>
    <Filter Include="Source">
      <UniqueIdentifier>{649b3cd1-b85f-4e04-83dc-f3febe02e155}</UniqueIdentifier>
    </Filter>
  </ItemGroup>
</Project>