<?xml version="1.0" encoding="utf-8"?>
<Project ToolsVersion="4.0" xmlns="http://schemas.microsoft.com/developer/msbuild/2003">
  <ItemGroup>
    <ClCompile Include="..\..\src\LFAttrFilter.cpp">
      <Filter>Source</Filter>
    </ClCompile>
    <ClCompile Include="..\..\src\LFColorDetector.cpp">
      <Filter>Source</Filter>
    </ClCompile>
    <ClCompile Include="..\..\src\LFCommon.cpp">
      <Filter>Source</Filter>
    </ClCompile>
    <ClCompile Include="..\..\src\LFDetector.cpp">
      <Filter>Source</Filter>
    </ClCompile>
    <ClCompile Include="..\..\src\LFEngine.cpp">
      <Filter>Source</Filter>
    </ClCompile>
    <ClCompile Include="..\..\src\LFEye.cpp">
      <Filter>Source</Filter>
    </ClCompile>
    <ClCompile Include="..\..\src\LFFaceDescriptor.cpp">
      <Filter>Source</Filter>
    </ClCompile>
    <ClCompile Include="..\..\src\LFFeatureImpl.cpp">
      <Filter>Source</Filter>
    </ClCompile>
    <ClCompile Include="..\..\src\LFFeatures.cpp">
      <Filter>Source</Filter>
    </ClCompile>
    <ClCompile Include="..\..\src\LFGeometry.cpp">
      <Filter>Source</Filter>
    </ClCompile>
    <ClCompile Include="..\..\src\LFImage.cpp">
      <Filter>Source</Filter>
    </ClCompile>
    <ClCompile Include="..\..\src\LFParameter.cpp">
      <Filter>Source</Filter>
    </ClCompile>
    <ClCompile Include="..\..\src\LFSample.cpp">
      <Filter>Source</Filter>
    </ClCompile>
    <ClCompile Include="..\..\src\LFScanners.cpp">
      <Filter>Source</Filter>
    </ClCompile>
    <ClCompile Include="..\..\src\LFStrong.cpp">
      <Filter>Source</Filter>
    </ClCompile>
    <ClCompile Include="..\..\src\LFStrongImpl.cpp">
      <Filter>Source</Filter>
    </ClCompile>
    <ClCompile Include="..\..\src\LFUtils.cpp">
      <Filter>Source</Filter>
    </ClCompile>
    <ClCompile Include="..\..\src\LFWeak.cpp">
      <Filter>Source</Filter>
    </ClCompile>
    <ClCompile Include="..\..\src\lfcsboost.cpp">
      <Filter>Source</Filter>
    </ClCompile>
    <ClCompile Include="..\..\src\LFImageProcessor.cpp">
      <Filter>Source</Filter>
    </ClCompile>
    <ClCompile Include="..\..\src\LFThresholdProc.cpp">
      <Filter>Source</Filter>
    </ClCompile>
    <ClCompile Include="..\..\src\LFWeakImpl.cpp">
      <Filter>Source</Filter>
    </ClCompile>
    <ClCompile Include="..\..\src\LFSabotage.cpp">
      <Filter>Source</Filter>
    </ClCompile>
    <ClCompile Include="..\..\src\LFAvgFeature.cpp">
      <Filter>Source</Filter>
    </ClCompile>
    <ClCompile Include="..\..\src\LFPredictors.cpp">
      <Filter>Source</Filter>
    </ClCompile>
    <ClCompile Include="..\..\src\LFDatabase.cpp">
      <Filter>Source</Filter>
    </ClCompile>
    <ClCompile Include="..\..\src\LFFileUtils.cpp">
      <Filter>Source</Filter>
    </ClCompile>
    <ClCompile Include="..\..\src\LFCluster.cpp">
      <Filter>Source</Filter>
    </ClCompile>
    <ClCompile Include="..\..\src\LFZones.cpp">
      <Filter>Source</Filter>
    </ClCompile>
    <ClCompile Include="..\..\src\LFLabColor.cpp">
      <Filter>Source</Filter>
    </ClCompile>
    <ClCompile Include="..\..\src\LFMotion.cpp">
      <Filter>Source</Filter>
    </ClCompile>
    <ClCompile Include="..\..\src\LFBuilder.cpp">
      <Filter>Source</Filter>
    </ClCompile>
    <ClCompile Include="..\..\src\LFVector.cpp">
      <Filter>Source</Filter>
    </ClCompile>
    <ClCompile Include="..\..\src\LFDistance.cpp">
      <Filter>Source</Filter>
    </ClCompile>
    <ClCompile Include="..\..\src\LFHistogramm.cpp">
      <Filter>Source</Filter>
    </ClCompile>
    <ClCompile Include="..\..\src\LFBuffer.cpp">
      <Filter>Source</Filter>
    </ClCompile>
    <ClCompile Include="..\..\src\LFDetectedItem.cpp">
      <Filter>Source</Filter>
    </ClCompile>
    <ClCompile Include="..\..\src\LFSemantic.cpp">
      <Filter>Source</Filter>
    </ClCompile>
    <ClCompile Include="..\..\src\LFCascade.cpp">
      <Filter>Source</Filter>
    </ClCompile>
    <ClCompile Include="..\..\src\LFLandmarks.cpp">
      <Filter>Source</Filter>
    </ClCompile>
  </ItemGroup>
  <ItemGroup>
    <ClInclude Include="..\..\include\LF.h">
      <Filter>Headers</Filter>
    </ClInclude>
    <ClInclude Include="..\..\include\LFAttrFilter.h">
      <Filter>Headers</Filter>
    </ClInclude>
    <ClInclude Include="..\..\include\LFColorDetector.h">
      <Filter>Headers</Filter>
    </ClInclude>
    <ClInclude Include="..\..\include\LFDetector.h">
      <Filter>Headers</Filter>
    </ClInclude>
    <ClInclude Include="..\..\include\LFEngine.h">
      <Filter>Headers</Filter>
    </ClInclude>
    <ClInclude Include="..\..\include\LFEye.h">
      <Filter>Headers</Filter>
    </ClInclude>
    <ClInclude Include="..\..\include\LFFeatures.h">
      <Filter>Headers</Filter>
    </ClInclude>
    <ClInclude Include="..\..\include\LFScanners.h">
      <Filter>Headers</Filter>
    </ClInclude>
    <ClInclude Include="..\..\include\LFStrong.h">
      <Filter>Headers</Filter>
    </ClInclude>
    <ClInclude Include="..\..\include\LFUtils.h">
      <Filter>Headers</Filter>
    </ClInclude>
    <ClInclude Include="..\..\include\LFWeak.h">
      <Filter>Headers</Filter>
    </ClInclude>
    <ClInclude Include="..\..\include\_LF.h">
      <Filter>Headers</Filter>
    </ClInclude>
    <ClInclude Include="..\..\include\LFCSBoost.h">
      <Filter>Headers</Filter>
    </ClInclude>
    <ClInclude Include="..\..\include\LFGeometry.h">
      <Filter>Headers</Filter>
    </ClInclude>
    <ClInclude Include="..\..\include\LFImageProcessor.h">
      <Filter>Headers</Filter>
    </ClInclude>
    <ClInclude Include="..\..\include\LFParameter.h">
      <Filter>Headers</Filter>
    </ClInclude>
    <ClInclude Include="..\..\include\LFSample.h">
      <Filter>Headers</Filter>
    </ClInclude>
    <ClInclude Include="..\..\include\LFThresholdProc.h">
      <Filter>Headers</Filter>
    </ClInclude>
    <ClInclude Include="..\..\include\LFSabotage.h">
      <Filter>Headers</Filter>
    </ClInclude>
    <ClInclude Include="..\..\include\LFAvgFeature.h">
      <Filter>Headers</Filter>
    </ClInclude>
    <ClInclude Include="..\..\include\LFPredictors.h">
      <Filter>Headers</Filter>
    </ClInclude>
    <ClInclude Include="..\..\include\LFDatabase.h">
      <Filter>Headers</Filter>
    </ClInclude>
    <ClInclude Include="..\..\include\LFFileUtils.h">
      <Filter>Headers</Filter>
    </ClInclude>
    <ClInclude Include="..\..\include\LFCluster.h">
      <Filter>Headers</Filter>
    </ClInclude>
    <ClInclude Include="..\..\include\LFZone.h">
      <Filter>Headers</Filter>
    </ClInclude>
    <ClInclude Include="..\..\include\LFLabColor.h">
      <Filter>Headers</Filter>
    </ClInclude>
    <ClInclude Include="..\..\include\LFMotion.h">
      <Filter>Headers</Filter>
    </ClInclude>
    <ClInclude Include="..\..\include\LFFace.h">
      <Filter>Headers</Filter>
    </ClInclude>
    <ClInclude Include="..\..\include\LFBuilder.h">
      <Filter>Headers</Filter>
    </ClInclude>
    <ClInclude Include="..\..\include\LFVector.h">
      <Filter>Headers</Filter>
    </ClInclude>
    <ClInclude Include="..\..\include\LFDistance.h">
      <Filter>Headers</Filter>
    </ClInclude>
    <ClInclude Include="..\..\include\LFHistogramm.h">
      <Filter>Headers</Filter>
    </ClInclude>
    <ClInclude Include="..\..\include\LFBuffer.h">
      <Filter>Headers</Filter>
    </ClInclude>
    <ClInclude Include="..\..\include\LFSemantic.h">
      <Filter>Headers</Filter>
    </ClInclude>
    <ClInclude Include="..\..\include\LFMCDetector.h">
      <Filter>Headers</Filter>
    </ClInclude>
    <ClInclude Include="..\..\include\LFLandmarks.h">
      <Filter>Headers</Filter>
    </ClInclude>
  </ItemGroup>
  <ItemGroup>
    <Filter Include="Headers">
      <UniqueIdentifier>{1c69f434-f51f-4c58-87a5-9399ab297155}</UniqueIdentifier>
    </Filter>
    <Filter Include="Source">
      <UniqueIdentifier>{4e6ead83-8a86-4815-a9fa-387f7138cd1c}</UniqueIdentifier>
    </Filter>
  </ItemGroup>
</Project>